
Microsoft Visual Studio Solution File, Format Version 12.00
# Visual Studio Version 17
VisualStudioVersion = 17.2.32630.192
MinimumVisualStudioVersion = 10.0.40219.1
Project("{FAE04EC0-301F-11D3-BF4B-00C04F79EFBC}") = "Wishlist.Web", "Wishlist.Web.csproj", "{BC3382EC-1C92-444A-BA15-38CFA47A9DF1}"
EndProject
Project("{FAE04EC0-301F-11D3-BF4B-00C04F79EFBC}") = "WishList.Core", "..\WishList.Core\WishList.Core.csproj", "{2AF87B68-D3EB-4505-98E7-67A540B50B06}"
EndProject
Project("{FAE04EC0-301F-11D3-BF4B-00C04F79EFBC}") = "WishList.DataBase", "..\WishList.DataBase\WishList.DataBase.csproj", "{46D15A66-34E4-47F0-B106-1A82A88ACF2F}"
EndProject
Project("{FAE04EC0-301F-11D3-BF4B-00C04F79EFBC}") = "WishList.Services", "..\WishList.Services\WishList.Services.csproj", "{D5E929DD-F754-4E0A-8B83-02A283027B18}"
EndProject
Project("{FAE04EC0-301F-11D3-BF4B-00C04F79EFBC}") = "WishList.UnitTests", "..\WishList.UnitTests\WishList.UnitTests.csproj", "{8BBC0D51-C29C-4684-94CE-B1C949460927}"
EndProject
Global
	GlobalSection(SolutionConfigurationPlatforms) = preSolution
		Debug|Any CPU = Debug|Any CPU
		Release|Any CPU = Release|Any CPU
	EndGlobalSection
	GlobalSection(ProjectConfigurationPlatforms) = postSolution
		{BC3382EC-1C92-444A-BA15-38CFA47A9DF1}.Debug|Any CPU.ActiveCfg = Debug|Any CPU
		{BC3382EC-1C92-444A-BA15-38CFA47A9DF1}.Debug|Any CPU.Build.0 = Debug|Any CPU
		{BC3382EC-1C92-444A-BA15-38CFA47A9DF1}.Release|Any CPU.ActiveCfg = Release|Any CPU
		{BC3382EC-1C92-444A-BA15-38CFA47A9DF1}.Release|Any CPU.Build.0 = Release|Any CPU
		{2AF87B68-D3EB-4505-98E7-67A540B50B06}.Debug|Any CPU.ActiveCfg = Debug|Any CPU
		{2AF87B68-D3EB-4505-98E7-67A540B50B06}.Debug|Any CPU.Build.0 = Debug|Any CPU
		{2AF87B68-D3EB-4505-98E7-67A540B50B06}.Release|Any CPU.ActiveCfg = Release|Any CPU
		{2AF87B68-D3EB-4505-98E7-67A540B50B06}.Release|Any CPU.Build.0 = Release|Any CPU
		{46D15A66-34E4-47F0-B106-1A82A88ACF2F}.Debug|Any CPU.ActiveCfg = Debug|Any CPU
		{46D15A66-34E4-47F0-B106-1A82A88ACF2F}.Debug|Any CPU.Build.0 = Debug|Any CPU
		{46D15A66-34E4-47F0-B106-1A82A88ACF2F}.Release|Any CPU.ActiveCfg = Release|Any CPU
		{46D15A66-34E4-47F0-B106-1A82A88ACF2F}.Release|Any CPU.Build.0 = Release|Any CPU
		{D5E929DD-F754-4E0A-8B83-02A283027B18}.Debug|Any CPU.ActiveCfg = Debug|Any CPU
		{D5E929DD-F754-4E0A-8B83-02A283027B18}.Debug|Any CPU.Build.0 = Debug|Any CPU
		{D5E929DD-F754-4E0A-8B83-02A283027B18}.Release|Any CPU.ActiveCfg = Release|Any CPU
		{D5E929DD-F754-4E0A-8B83-02A283027B18}.Release|Any CPU.Build.0 = Release|Any CPU
		{8BBC0D51-C29C-4684-94CE-B1C949460927}.Debug|Any CPU.ActiveCfg = Debug|Any CPU
		{8BBC0D51-C29C-4684-94CE-B1C949460927}.Debug|Any CPU.Build.0 = Debug|Any CPU
		{8BBC0D51-C29C-4684-94CE-B1C949460927}.Release|Any CPU.ActiveCfg = Release|Any CPU
		{8BBC0D51-C29C-4684-94CE-B1C949460927}.Release|Any CPU.Build.0 = Release|Any CPU
	EndGlobalSection
	GlobalSection(SolutionProperties) = preSolution
		HideSolutionNode = FALSE
	EndGlobalSection
	GlobalSection(ExtensibilityGlobals) = postSolution
		SolutionGuid = {D4CDD6C6-FE3E-4474-AC9A-34AA599BEE9C}
	EndGlobalSection
EndGlobal
